
Microsoft Visual Studio Solution File, Format Version 12.00
# Visual Studio Version 16
VisualStudioVersion = 16.0.30114.105
MinimumVisualStudioVersion = 10.0.40219.1
Project("{FAE04EC0-301F-11D3-BF4B-00C04F79EFBC}") = "net6droid", "net6droid\net6droid.csproj", "{08BE5EE8-4BD3-4407-9329-36482CD3F368}"
EndProject
Global
	GlobalSection(SolutionConfigurationPlatforms) = preSolution
		Debug|Any CPU = Debug|Any CPU
		Release|Any CPU = Release|Any CPU
	EndGlobalSection
	GlobalSection(SolutionProperties) = preSolution
		HideSolutionNode = FALSE
	EndGlobalSection
	GlobalSection(ProjectConfigurationPlatforms) = postSolution
		{08BE5EE8-4BD3-4407-9329-36482CD3F368}.Debug|Any CPU.ActiveCfg = Debug|Any CPU
		{08BE5EE8-4BD3-4407-9329-36482CD3F368}.Debug|Any CPU.Build.0 = Debug|Any CPU
		{08BE5EE8-4BD3-4407-9329-36482CD3F368}.Debug|Any CPU.Deploy.0 = Debug|Any CPU
		{08BE5EE8-4BD3-4407-9329-36482CD3F368}.Release|Any CPU.ActiveCfg = Release|Any CPU
		{08BE5EE8-4BD3-4407-9329-36482CD3F368}.Release|Any CPU.Build.0 = Release|Any CPU
		{08BE5EE8-4BD3-4407-9329-36482CD3F368}.Release|Any CPU.Deploy.0 = Release|Any CPU
	EndGlobalSection
EndGlobal
